
Microsoft Visual Studio Solution File, Format Version 12.00
# Visual Studio Version 17
VisualStudioVersion = 17.0.32112.339
MinimumVisualStudioVersion = 10.0.40219.1
Project("{FAE04EC0-301F-11D3-BF4B-00C04F79EFBC}") = "CodingKata.Services", "CodingKata.Services\CodingKata.Services.csproj", "{9C97DBC5-5D87-4353-9BC4-2C4EC0A2354E}"
EndProject
Project("{FAE04EC0-301F-11D3-BF4B-00C04F79EFBC}") = "CodingKata.Manager", "CodingKata.Manager\CodingKata.Manager.csproj", "{AA7EF37B-13DE-4A51-9F06-4D594FE49216}"
EndProject
Project("{FAE04EC0-301F-11D3-BF4B-00C04F79EFBC}") = "CodingKata.Repository", "CodingKata.Repository\CodingKata.Repository.csproj", "{9E96488C-2582-4976-999F-B71834829DE1}"
EndProject
Project("{2150E333-8FDC-42A3-9474-1A3956D46DE8}") = "Jobs", "Jobs", "{75FABBB6-69EE-4FBC-BF6C-BCFCE635541A}"
EndProject
Project("{FAE04EC0-301F-11D3-BF4B-00C04F79EFBC}") = "CodingKata.MailService", "CodingKata.MailService\CodingKata.MailService.csproj", "{DBFDC7D4-5724-44AB-B670-E49779512F82}"
EndProject
Global
	GlobalSection(SolutionConfigurationPlatforms) = preSolution
		Debug|Any CPU = Debug|Any CPU
		Release|Any CPU = Release|Any CPU
	EndGlobalSection
	GlobalSection(ProjectConfigurationPlatforms) = postSolution
		{9C97DBC5-5D87-4353-9BC4-2C4EC0A2354E}.Debug|Any CPU.ActiveCfg = Debug|Any CPU
		{9C97DBC5-5D87-4353-9BC4-2C4EC0A2354E}.Debug|Any CPU.Build.0 = Debug|Any CPU
		{9C97DBC5-5D87-4353-9BC4-2C4EC0A2354E}.Release|Any CPU.ActiveCfg = Release|Any CPU
		{9C97DBC5-5D87-4353-9BC4-2C4EC0A2354E}.Release|Any CPU.Build.0 = Release|Any CPU
		{AA7EF37B-13DE-4A51-9F06-4D594FE49216}.Debug|Any CPU.ActiveCfg = Debug|Any CPU
		{AA7EF37B-13DE-4A51-9F06-4D594FE49216}.Debug|Any CPU.Build.0 = Debug|Any CPU
		{AA7EF37B-13DE-4A51-9F06-4D594FE49216}.Release|Any CPU.ActiveCfg = Release|Any CPU
		{AA7EF37B-13DE-4A51-9F06-4D594FE49216}.Release|Any CPU.Build.0 = Release|Any CPU
		{9E96488C-2582-4976-999F-B71834829DE1}.Debug|Any CPU.ActiveCfg = Debug|Any CPU
		{9E96488C-2582-4976-999F-B71834829DE1}.Debug|Any CPU.Build.0 = Debug|Any CPU
		{9E96488C-2582-4976-999F-B71834829DE1}.Release|Any CPU.ActiveCfg = Release|Any CPU
		{9E96488C-2582-4976-999F-B71834829DE1}.Release|Any CPU.Build.0 = Release|Any CPU
		{DBFDC7D4-5724-44AB-B670-E49779512F82}.Debug|Any CPU.ActiveCfg = Debug|Any CPU
		{DBFDC7D4-5724-44AB-B670-E49779512F82}.Debug|Any CPU.Build.0 = Debug|Any CPU
		{DBFDC7D4-5724-44AB-B670-E49779512F82}.Release|Any CPU.ActiveCfg = Release|Any CPU
		{DBFDC7D4-5724-44AB-B670-E49779512F82}.Release|Any CPU.Build.0 = Release|Any CPU
	EndGlobalSection
	GlobalSection(SolutionProperties) = preSolution
		HideSolutionNode = FALSE
	EndGlobalSection
	GlobalSection(NestedProjects) = preSolution
		{DBFDC7D4-5724-44AB-B670-E49779512F82} = {75FABBB6-69EE-4FBC-BF6C-BCFCE635541A}
	EndGlobalSection
	GlobalSection(ExtensibilityGlobals) = postSolution
		SolutionGuid = {8E1E94AA-A330-4C68-A2CD-953E3AE67AF8}
	EndGlobalSection
EndGlobal
